
Microsoft Visual Studio Solution File, Format Version 12.00
# Visual Studio Version 16
VisualStudioVersion = 16.0.30621.155
MinimumVisualStudioVersion = 10.0.40219.1
Project("{FAE04EC0-301F-11D3-BF4B-00C04F79EFBC}") = "Ex1_DataBinding", "Ex1_DataBinding\Ex1_DataBinding.csproj", "{3316EF92-024E-4941-A4F2-5A990450F327}"
EndProject
Project("{FAE04EC0-301F-11D3-BF4B-00C04F79EFBC}") = "Ex2_DataBindingDirection", "Ex2_DataBindingDirection\Ex2_DataBindingDirection.csproj", "{F1EAF423-AB19-469A-A4CD-A4DFDBC7B23F}"
EndProject
Project("{FAE04EC0-301F-11D3-BF4B-00C04F79EFBC}") = "Ex3_DataBindingTrigger", "Ex3_DataBindingTrigger\Ex3_DataBindingTrigger.csproj", "{13405FFE-08F7-4EA0-AFA6-1921CCDAEB42}"
EndProject
Project("{FAE04EC0-301F-11D3-BF4B-00C04F79EFBC}") = "Ex4_OrigObjectElementName", "Ex4_OrigObjectElementName\Ex4_OrigObjectElementName.csproj", "{466CE9AD-BFC2-4E9F-8A8F-70C2B0870B7C}"
EndProject
Project("{FAE04EC0-301F-11D3-BF4B-00C04F79EFBC}") = "Ex5_OrigObjectSource", "Ex5_OrigObjectSource\Ex5_OrigObjectSource.csproj", "{A3169687-11AB-4A34-BFAF-76BF2031459E}"
EndProject
Project("{FAE04EC0-301F-11D3-BF4B-00C04F79EFBC}") = "Ex6_OrigObjectDataContext", "Ex6_OrigObjectDataContext\Ex6_OrigObjectDataContext.csproj", "{0BC133C6-0FEA-49F2-AE99-0097E5FA7F28}"
EndProject
Project("{FAE04EC0-301F-11D3-BF4B-00C04F79EFBC}") = "Ex7_OrigObjectRelativeSource", "Ex7_OrigObjectRelativeSource\Ex7_OrigObjectRelativeSource.csproj", "{3663ED36-F2F6-42B1-8AE5-8159C860992A}"
EndProject
Project("{FAE04EC0-301F-11D3-BF4B-00C04F79EFBC}") = "Ex8_DataBindingValueConverter", "Ex8_DataBindingValueConverter\Ex8_DataBindingValueConverter.csproj", "{1B7116CA-7372-4B6C-9122-751FA50315E8}"
EndProject
Project("{FAE04EC0-301F-11D3-BF4B-00C04F79EFBC}") = "Ex9_DataContextNotifyProp", "Ex9_DataBindingNotifyProp\Ex9_DataContextNotifyProp.csproj", "{45181F8A-0E64-4918-8705-C68ED03BCF45}"
EndProject
Project("{FAE04EC0-301F-11D3-BF4B-00C04F79EFBC}") = "Ex91_DataContextDependencyProp", "Ex9_DataContextDependencyProp\Ex91_DataContextDependencyProp.csproj", "{F1643BA0-E109-4392-AFC1-5C647B58106E}"
EndProject
Project("{FAE04EC0-301F-11D3-BF4B-00C04F79EFBC}") = "Ex92_DataBindingCollection", "Ex92_DataBindingCollection\Ex92_DataBindingCollection.csproj", "{4212EEF4-88BE-428C-AFFE-E28B042AB381}"
EndProject
Project("{FAE04EC0-301F-11D3-BF4B-00C04F79EFBC}") = "Ex93_DataTemplate", "Ex93_DataTemplate\Ex93_DataTemplate.csproj", "{E8506651-1FC8-48CC-BC31-838D1964CC68}"
EndProject
Project("{FAE04EC0-301F-11D3-BF4B-00C04F79EFBC}") = "Ex94_DependencyPropertiesDemo", "Ex94_DependencyPropertiesDemo\Ex94_DependencyPropertiesDemo.csproj", "{A895B979-3EEA-42BC-A18C-E13A954578EF}"
EndProject
Project("{FAE04EC0-301F-11D3-BF4B-00C04F79EFBC}") = "Ex95_Resources", "Ex95_Resources\Ex95_Resources.csproj", "{6BC4DCE6-4C61-4A3A-BEF8-328EED5B0970}"
EndProject
Project("{FAE04EC0-301F-11D3-BF4B-00C04F79EFBC}") = "Ex96_RoutedEvent", "Ex96_RoutedEvent\Ex96_RoutedEvent.csproj", "{B634C3A8-04E8-416D-94AB-24DF3F31677F}"
EndProject
Project("{FAE04EC0-301F-11D3-BF4B-00C04F79EFBC}") = "Ex97_Style", "Ex97_Style\Ex97_Style.csproj", "{9B542CB5-CD2B-4658-B981-9D328F22E4C2}"
EndProject
Project("{FAE04EC0-301F-11D3-BF4B-00C04F79EFBC}") = "Ex98_StyleInheritance", "Ex98_StyleInheritance\Ex98_StyleInheritance.csproj", "{CBD6D591-1AFD-424A-AF2D-6A2949C1C204}"
EndProject
Project("{FAE04EC0-301F-11D3-BF4B-00C04F79EFBC}") = "Ex99_TriggerProperty", "Ex99_TriggerProperty\Ex99_TriggerProperty.csproj", "{0A1AD05B-256F-4F59-8DD8-DD13015ECCB7}"
EndProject
Project("{FAE04EC0-301F-11D3-BF4B-00C04F79EFBC}") = "Ex991_TriggerData", "Ex991_TriggerData\Ex991_TriggerData.csproj", "{30B0582D-EDEA-4D90-B732-58D6F39B3E31}"
EndProject
Project("{FAE04EC0-301F-11D3-BF4B-00C04F79EFBC}") = "Ex992_TriggerEvent", "Ex992_TriggerEvent\Ex992_TriggerEvent.csproj", "{5D2357FB-60F0-4C01-B94F-2698A61284B1}"
EndProject
Project("{FAE04EC0-301F-11D3-BF4B-00C04F79EFBC}") = "Ex911_SimpleCollection", "Ex911_SimpleCollection\Ex911_SimpleCollection.csproj", "{DF9ED5E8-3EAF-4002-ABBD-1A6D5C437AD2}"
EndProject
Project("{FAE04EC0-301F-11D3-BF4B-00C04F79EFBC}") = "Ex0_ManualBinding", "Ex0_ManualBinding\Ex0_ManualBinding.csproj", "{18E33ED1-BACA-4A2E-86D2-993D9D750881}"
EndProject
Global
	GlobalSection(SolutionConfigurationPlatforms) = preSolution
		Debug|Any CPU = Debug|Any CPU
		Release|Any CPU = Release|Any CPU
	EndGlobalSection
	GlobalSection(ProjectConfigurationPlatforms) = postSolution
		{3316EF92-024E-4941-A4F2-5A990450F327}.Debug|Any CPU.ActiveCfg = Debug|Any CPU
		{3316EF92-024E-4941-A4F2-5A990450F327}.Debug|Any CPU.Build.0 = Debug|Any CPU
		{3316EF92-024E-4941-A4F2-5A990450F327}.Release|Any CPU.ActiveCfg = Release|Any CPU
		{3316EF92-024E-4941-A4F2-5A990450F327}.Release|Any CPU.Build.0 = Release|Any CPU
		{F1EAF423-AB19-469A-A4CD-A4DFDBC7B23F}.Debug|Any CPU.ActiveCfg = Debug|Any CPU
		{F1EAF423-AB19-469A-A4CD-A4DFDBC7B23F}.Debug|Any CPU.Build.0 = Debug|Any CPU
		{F1EAF423-AB19-469A-A4CD-A4DFDBC7B23F}.Release|Any CPU.ActiveCfg = Release|Any CPU
		{F1EAF423-AB19-469A-A4CD-A4DFDBC7B23F}.Release|Any CPU.Build.0 = Release|Any CPU
		{13405FFE-08F7-4EA0-AFA6-1921CCDAEB42}.Debug|Any CPU.ActiveCfg = Debug|Any CPU
		{13405FFE-08F7-4EA0-AFA6-1921CCDAEB42}.Debug|Any CPU.Build.0 = Debug|Any CPU
		{13405FFE-08F7-4EA0-AFA6-1921CCDAEB42}.Release|Any CPU.ActiveCfg = Release|Any CPU
		{13405FFE-08F7-4EA0-AFA6-1921CCDAEB42}.Release|Any CPU.Build.0 = Release|Any CPU
		{466CE9AD-BFC2-4E9F-8A8F-70C2B0870B7C}.Debug|Any CPU.ActiveCfg = Debug|Any CPU
		{466CE9AD-BFC2-4E9F-8A8F-70C2B0870B7C}.Debug|Any CPU.Build.0 = Debug|Any CPU
		{466CE9AD-BFC2-4E9F-8A8F-70C2B0870B7C}.Release|Any CPU.ActiveCfg = Release|Any CPU
		{466CE9AD-BFC2-4E9F-8A8F-70C2B0870B7C}.Release|Any CPU.Build.0 = Release|Any CPU
		{A3169687-11AB-4A34-BFAF-76BF2031459E}.Debug|Any CPU.ActiveCfg = Debug|Any CPU
		{A3169687-11AB-4A34-BFAF-76BF2031459E}.Debug|Any CPU.Build.0 = Debug|Any CPU
		{A3169687-11AB-4A34-BFAF-76BF2031459E}.Release|Any CPU.ActiveCfg = Release|Any CPU
		{A3169687-11AB-4A34-BFAF-76BF2031459E}.Release|Any CPU.Build.0 = Release|Any CPU
		{0BC133C6-0FEA-49F2-AE99-0097E5FA7F28}.Debug|Any CPU.ActiveCfg = Debug|Any CPU
		{0BC133C6-0FEA-49F2-AE99-0097E5FA7F28}.Debug|Any CPU.Build.0 = Debug|Any CPU
		{0BC133C6-0FEA-49F2-AE99-0097E5FA7F28}.Release|Any CPU.ActiveCfg = Release|Any CPU
		{0BC133C6-0FEA-49F2-AE99-0097E5FA7F28}.Release|Any CPU.Build.0 = Release|Any CPU
		{3663ED36-F2F6-42B1-8AE5-8159C860992A}.Debug|Any CPU.ActiveCfg = Debug|Any CPU
		{3663ED36-F2F6-42B1-8AE5-8159C860992A}.Debug|Any CPU.Build.0 = Debug|Any CPU
		{3663ED36-F2F6-42B1-8AE5-8159C860992A}.Release|Any CPU.ActiveCfg = Release|Any CPU
		{3663ED36-F2F6-42B1-8AE5-8159C860992A}.Release|Any CPU.Build.0 = Release|Any CPU
		{1B7116CA-7372-4B6C-9122-751FA50315E8}.Debug|Any CPU.ActiveCfg = Debug|Any CPU
		{1B7116CA-7372-4B6C-9122-751FA50315E8}.Debug|Any CPU.Build.0 = Debug|Any CPU
		{1B7116CA-7372-4B6C-9122-751FA50315E8}.Release|Any CPU.ActiveCfg = Release|Any CPU
		{1B7116CA-7372-4B6C-9122-751FA50315E8}.Release|Any CPU.Build.0 = Release|Any CPU
		{45181F8A-0E64-4918-8705-C68ED03BCF45}.Debug|Any CPU.ActiveCfg = Debug|Any CPU
		{45181F8A-0E64-4918-8705-C68ED03BCF45}.Debug|Any CPU.Build.0 = Debug|Any CPU
		{45181F8A-0E64-4918-8705-C68ED03BCF45}.Release|Any CPU.ActiveCfg = Release|Any CPU
		{45181F8A-0E64-4918-8705-C68ED03BCF45}.Release|Any CPU.Build.0 = Release|Any CPU
		{F1643BA0-E109-4392-AFC1-5C647B58106E}.Debug|Any CPU.ActiveCfg = Debug|Any CPU
		{F1643BA0-E109-4392-AFC1-5C647B58106E}.Debug|Any CPU.Build.0 = Debug|Any CPU
		{F1643BA0-E109-4392-AFC1-5C647B58106E}.Release|Any CPU.ActiveCfg = Release|Any CPU
		{F1643BA0-E109-4392-AFC1-5C647B58106E}.Release|Any CPU.Build.0 = Release|Any CPU
		{4212EEF4-88BE-428C-AFFE-E28B042AB381}.Debug|Any CPU.ActiveCfg = Debug|Any CPU
		{4212EEF4-88BE-428C-AFFE-E28B042AB381}.Debug|Any CPU.Build.0 = Debug|Any CPU
		{4212EEF4-88BE-428C-AFFE-E28B042AB381}.Release|Any CPU.ActiveCfg = Release|Any CPU
		{4212EEF4-88BE-428C-AFFE-E28B042AB381}.Release|Any CPU.Build.0 = Release|Any CPU
		{E8506651-1FC8-48CC-BC31-838D1964CC68}.Debug|Any CPU.ActiveCfg = Debug|Any CPU
		{E8506651-1FC8-48CC-BC31-838D1964CC68}.Debug|Any CPU.Build.0 = Debug|Any CPU
		{E8506651-1FC8-48CC-BC31-838D1964CC68}.Release|Any CPU.ActiveCfg = Release|Any CPU
		{E8506651-1FC8-48CC-BC31-838D1964CC68}.Release|Any CPU.Build.0 = Release|Any CPU
		{A895B979-3EEA-42BC-A18C-E13A954578EF}.Debug|Any CPU.ActiveCfg = Debug|Any CPU
		{A895B979-3EEA-42BC-A18C-E13A954578EF}.Debug|Any CPU.Build.0 = Debug|Any CPU
		{A895B979-3EEA-42BC-A18C-E13A954578EF}.Release|Any CPU.ActiveCfg = Release|Any CPU
		{A895B979-3EEA-42BC-A18C-E13A954578EF}.Release|Any CPU.Build.0 = Release|Any CPU
		{6BC4DCE6-4C61-4A3A-BEF8-328EED5B0970}.Debug|Any CPU.ActiveCfg = Debug|Any CPU
		{6BC4DCE6-4C61-4A3A-BEF8-328EED5B0970}.Debug|Any CPU.Build.0 = Debug|Any CPU
		{6BC4DCE6-4C61-4A3A-BEF8-328EED5B0970}.Release|Any CPU.ActiveCfg = Release|Any CPU
		{6BC4DCE6-4C61-4A3A-BEF8-328EED5B0970}.Release|Any CPU.Build.0 = Release|Any CPU
		{B634C3A8-04E8-416D-94AB-24DF3F31677F}.Debug|Any CPU.ActiveCfg = Debug|Any CPU
		{B634C3A8-04E8-416D-94AB-24DF3F31677F}.Debug|Any CPU.Build.0 = Debug|Any CPU
		{B634C3A8-04E8-416D-94AB-24DF3F31677F}.Release|Any CPU.ActiveCfg = Release|Any CPU
		{B634C3A8-04E8-416D-94AB-24DF3F31677F}.Release|Any CPU.Build.0 = Release|Any CPU
		{9B542CB5-CD2B-4658-B981-9D328F22E4C2}.Debug|Any CPU.ActiveCfg = Debug|Any CPU
		{9B542CB5-CD2B-4658-B981-9D328F22E4C2}.Debug|Any CPU.Build.0 = Debug|Any CPU
		{9B542CB5-CD2B-4658-B981-9D328F22E4C2}.Release|Any CPU.ActiveCfg = Release|Any CPU
		{9B542CB5-CD2B-4658-B981-9D328F22E4C2}.Release|Any CPU.Build.0 = Release|Any CPU
		{CBD6D591-1AFD-424A-AF2D-6A2949C1C204}.Debug|Any CPU.ActiveCfg = Debug|Any CPU
		{CBD6D591-1AFD-424A-AF2D-6A2949C1C204}.Debug|Any CPU.Build.0 = Debug|Any CPU
		{CBD6D591-1AFD-424A-AF2D-6A2949C1C204}.Release|Any CPU.ActiveCfg = Release|Any CPU
		{CBD6D591-1AFD-424A-AF2D-6A2949C1C204}.Release|Any CPU.Build.0 = Release|Any CPU
		{0A1AD05B-256F-4F59-8DD8-DD13015ECCB7}.Debug|Any CPU.ActiveCfg = Debug|Any CPU
		{0A1AD05B-256F-4F59-8DD8-DD13015ECCB7}.Debug|Any CPU.Build.0 = Debug|Any CPU
		{0A1AD05B-256F-4F59-8DD8-DD13015ECCB7}.Release|Any CPU.ActiveCfg = Release|Any CPU
		{0A1AD05B-256F-4F59-8DD8-DD13015ECCB7}.Release|Any CPU.Build.0 = Release|Any CPU
		{30B0582D-EDEA-4D90-B732-58D6F39B3E31}.Debug|Any CPU.ActiveCfg = Debug|Any CPU
		{30B0582D-EDEA-4D90-B732-58D6F39B3E31}.Debug|Any CPU.Build.0 = Debug|Any CPU
		{30B0582D-EDEA-4D90-B732-58D6F39B3E31}.Release|Any CPU.ActiveCfg = Release|Any CPU
		{30B0582D-EDEA-4D90-B732-58D6F39B3E31}.Release|Any CPU.Build.0 = Release|Any CPU
		{5D2357FB-60F0-4C01-B94F-2698A61284B1}.Debug|Any CPU.ActiveCfg = Debug|Any CPU
		{5D2357FB-60F0-4C01-B94F-2698A61284B1}.Debug|Any CPU.Build.0 = Debug|Any CPU
		{5D2357FB-60F0-4C01-B94F-2698A61284B1}.Release|Any CPU.ActiveCfg = Release|Any CPU
		{5D2357FB-60F0-4C01-B94F-2698A61284B1}.Release|Any CPU.Build.0 = Release|Any CPU
		{DF9ED5E8-3EAF-4002-ABBD-1A6D5C437AD2}.Debug|Any CPU.ActiveCfg = Debug|Any CPU
		{DF9ED5E8-3EAF-4002-ABBD-1A6D5C437AD2}.Debug|Any CPU.Build.0 = Debug|Any CPU
		{DF9ED5E8-3EAF-4002-ABBD-1A6D5C437AD2}.Release|Any CPU.ActiveCfg = Release|Any CPU
		{DF9ED5E8-3EAF-4002-ABBD-1A6D5C437AD2}.Release|Any CPU.Build.0 = Release|Any CPU
		{18E33ED1-BACA-4A2E-86D2-993D9D750881}.Debug|Any CPU.ActiveCfg = Debug|Any CPU
		{18E33ED1-BACA-4A2E-86D2-993D9D750881}.Debug|Any CPU.Build.0 = Debug|Any CPU
		{18E33ED1-BACA-4A2E-86D2-993D9D750881}.Release|Any CPU.ActiveCfg = Release|Any CPU
		{18E33ED1-BACA-4A2E-86D2-993D9D750881}.Release|Any CPU.Build.0 = Release|Any CPU
	EndGlobalSection
	GlobalSection(SolutionProperties) = preSolution
		HideSolutionNode = FALSE
	EndGlobalSection
	GlobalSection(ExtensibilityGlobals) = postSolution
		SolutionGuid = {DDDFC117-333E-4E9C-89AD-E1F258920BA6}
	EndGlobalSection
EndGlobal
