
Microsoft Visual Studio Solution File, Format Version 12.00
# Visual Studio Version 16
VisualStudioVersion = 16.0.30611.23
MinimumVisualStudioVersion = 10.0.40219.1
Project("{FAE04EC0-301F-11D3-BF4B-00C04F79EFBC}") = "dotNet5781_00_0847_7224", "dotNet5781_00_7224_0847\dotNet5781_00_0847_7224.csproj", "{BC4DB46B-B299-4A29-AD20-13267D609A38}"
EndProject
Project("{FAE04EC0-301F-11D3-BF4B-00C04F79EFBC}") = "dotNet5781_01_7224_0847", "dotNet5781_01_7224_0847\dotNet5781_01_7224_0847\dotNet5781_01_7224_0847.csproj", "{6B526257-0565-47CF-8299-E20D8FB2C3E2}"
EndProject
Project("{FAE04EC0-301F-11D3-BF4B-00C04F79EFBC}") = "dotNet5781_02_7224_0847", "dotNet5781_02_7224_0847\dotNet5781_02_7224_0847.csproj", "{C52C5436-35FC-4F1B-BCC2-3001310E669F}"
EndProject
Project("{FAE04EC0-301F-11D3-BF4B-00C04F79EFBC}") = "dotNet5781_03A_7224_0847", "dotNet5781_03A_7224_0847\dotNet5781_03A_7224_0847.csproj", "{D1E3C52C-0CED-4530-8856-8E2AF9FEBE8D}"
EndProject
Project("{FAE04EC0-301F-11D3-BF4B-00C04F79EFBC}") = "dotNet5781_03B_7224_0847", "dotNet5781_03B_7224_0847\dotNet5781_03B_7224_0847.csproj", "{C1E2691F-DFF9-4305-8EDB-0508F416E35D}"
EndProject
Project("{2150E333-8FDC-42A3-9474-1A3956D46DE8}") = "Solution Items", "Solution Items", "{0D092CB4-3A3D-46CF-9C48-F8CF9E71B804}"
	ProjectSection(SolutionItems) = preProject
		..\..\..\Downloads\config.xml = ..\..\..\Downloads\config.xml
	EndProjectSection
EndProject
Project("{FAE04EC0-301F-11D3-BF4B-00C04F79EFBC}") = "DLAPI", "DLAPI\DLAPI.csproj", "{E8505A1C-4323-4085-8A7D-96C2E5C5D8CD}"
EndProject
Project("{FAE04EC0-301F-11D3-BF4B-00C04F79EFBC}") = "DLObject", "DLObject\DLObject.csproj", "{0CC72C53-46EC-442D-80EB-89C7A36CD5B2}"
EndProject
Project("{FAE04EC0-301F-11D3-BF4B-00C04F79EFBC}") = "DS", "DS\DS.csproj", "{17D9C931-7BEA-455E-8FB1-646C6D62348C}"
EndProject
Project("{FAE04EC0-301F-11D3-BF4B-00C04F79EFBC}") = "BL", "BL\BL.csproj", "{2256497B-4C6A-485F-8B1B-BFC792E8A372}"
EndProject
Project("{FAE04EC0-301F-11D3-BF4B-00C04F79EFBC}") = "PL", "PL\PL.csproj", "{231CC1DB-B66B-4ABD-9213-273E0B7DAF37}"
EndProject
Global
	GlobalSection(SolutionConfigurationPlatforms) = preSolution
		Debug|Any CPU = Debug|Any CPU
		Release|Any CPU = Release|Any CPU
	EndGlobalSection
	GlobalSection(ProjectConfigurationPlatforms) = postSolution
		{BC4DB46B-B299-4A29-AD20-13267D609A38}.Debug|Any CPU.ActiveCfg = Debug|Any CPU
		{BC4DB46B-B299-4A29-AD20-13267D609A38}.Debug|Any CPU.Build.0 = Debug|Any CPU
		{BC4DB46B-B299-4A29-AD20-13267D609A38}.Release|Any CPU.ActiveCfg = Release|Any CPU
		{BC4DB46B-B299-4A29-AD20-13267D609A38}.Release|Any CPU.Build.0 = Release|Any CPU
		{6B526257-0565-47CF-8299-E20D8FB2C3E2}.Debug|Any CPU.ActiveCfg = Debug|Any CPU
		{6B526257-0565-47CF-8299-E20D8FB2C3E2}.Debug|Any CPU.Build.0 = Debug|Any CPU
		{6B526257-0565-47CF-8299-E20D8FB2C3E2}.Release|Any CPU.ActiveCfg = Release|Any CPU
		{6B526257-0565-47CF-8299-E20D8FB2C3E2}.Release|Any CPU.Build.0 = Release|Any CPU
		{C52C5436-35FC-4F1B-BCC2-3001310E669F}.Debug|Any CPU.ActiveCfg = Debug|Any CPU
		{C52C5436-35FC-4F1B-BCC2-3001310E669F}.Debug|Any CPU.Build.0 = Debug|Any CPU
		{C52C5436-35FC-4F1B-BCC2-3001310E669F}.Release|Any CPU.ActiveCfg = Release|Any CPU
		{C52C5436-35FC-4F1B-BCC2-3001310E669F}.Release|Any CPU.Build.0 = Release|Any CPU
		{D1E3C52C-0CED-4530-8856-8E2AF9FEBE8D}.Debug|Any CPU.ActiveCfg = Debug|Any CPU
		{D1E3C52C-0CED-4530-8856-8E2AF9FEBE8D}.Debug|Any CPU.Build.0 = Debug|Any CPU
		{D1E3C52C-0CED-4530-8856-8E2AF9FEBE8D}.Release|Any CPU.ActiveCfg = Release|Any CPU
		{D1E3C52C-0CED-4530-8856-8E2AF9FEBE8D}.Release|Any CPU.Build.0 = Release|Any CPU
		{C1E2691F-DFF9-4305-8EDB-0508F416E35D}.Debug|Any CPU.ActiveCfg = Debug|Any CPU
		{C1E2691F-DFF9-4305-8EDB-0508F416E35D}.Debug|Any CPU.Build.0 = Debug|Any CPU
		{C1E2691F-DFF9-4305-8EDB-0508F416E35D}.Release|Any CPU.ActiveCfg = Release|Any CPU
		{C1E2691F-DFF9-4305-8EDB-0508F416E35D}.Release|Any CPU.Build.0 = Release|Any CPU
		{E8505A1C-4323-4085-8A7D-96C2E5C5D8CD}.Debug|Any CPU.ActiveCfg = Debug|Any CPU
		{E8505A1C-4323-4085-8A7D-96C2E5C5D8CD}.Debug|Any CPU.Build.0 = Debug|Any CPU
		{E8505A1C-4323-4085-8A7D-96C2E5C5D8CD}.Release|Any CPU.ActiveCfg = Release|Any CPU
		{E8505A1C-4323-4085-8A7D-96C2E5C5D8CD}.Release|Any CPU.Build.0 = Release|Any CPU
		{0CC72C53-46EC-442D-80EB-89C7A36CD5B2}.Debug|Any CPU.ActiveCfg = Debug|Any CPU
		{0CC72C53-46EC-442D-80EB-89C7A36CD5B2}.Debug|Any CPU.Build.0 = Debug|Any CPU
		{0CC72C53-46EC-442D-80EB-89C7A36CD5B2}.Release|Any CPU.ActiveCfg = Release|Any CPU
		{0CC72C53-46EC-442D-80EB-89C7A36CD5B2}.Release|Any CPU.Build.0 = Release|Any CPU
		{17D9C931-7BEA-455E-8FB1-646C6D62348C}.Debug|Any CPU.ActiveCfg = Debug|Any CPU
		{17D9C931-7BEA-455E-8FB1-646C6D62348C}.Debug|Any CPU.Build.0 = Debug|Any CPU
		{17D9C931-7BEA-455E-8FB1-646C6D62348C}.Release|Any CPU.ActiveCfg = Release|Any CPU
		{17D9C931-7BEA-455E-8FB1-646C6D62348C}.Release|Any CPU.Build.0 = Release|Any CPU
		{2256497B-4C6A-485F-8B1B-BFC792E8A372}.Debug|Any CPU.ActiveCfg = Debug|Any CPU
		{2256497B-4C6A-485F-8B1B-BFC792E8A372}.Debug|Any CPU.Build.0 = Debug|Any CPU
		{2256497B-4C6A-485F-8B1B-BFC792E8A372}.Release|Any CPU.ActiveCfg = Release|Any CPU
		{2256497B-4C6A-485F-8B1B-BFC792E8A372}.Release|Any CPU.Build.0 = Release|Any CPU
		{231CC1DB-B66B-4ABD-9213-273E0B7DAF37}.Debug|Any CPU.ActiveCfg = Debug|Any CPU
		{231CC1DB-B66B-4ABD-9213-273E0B7DAF37}.Debug|Any CPU.Build.0 = Debug|Any CPU
		{231CC1DB-B66B-4ABD-9213-273E0B7DAF37}.Release|Any CPU.ActiveCfg = Release|Any CPU
		{231CC1DB-B66B-4ABD-9213-273E0B7DAF37}.Release|Any CPU.Build.0 = Release|Any CPU
	EndGlobalSection
	GlobalSection(SolutionProperties) = preSolution
		HideSolutionNode = FALSE
	EndGlobalSection
	GlobalSection(ExtensibilityGlobals) = postSolution
		SolutionGuid = {65942423-8C65-4D7E-8A9F-EC7D4C939444}
	EndGlobalSection
EndGlobal
