
Microsoft Visual Studio Solution File, Format Version 12.00
# Visual Studio Version 16
VisualStudioVersion = 16.0.30611.23
MinimumVisualStudioVersion = 10.0.40219.1
Project("{FAE04EC0-301F-11D3-BF4B-00C04F79EFBC}") = "dotNet5781_00_0847_7224", "dotNet5781_00_7224_0847\dotNet5781_00_0847_7224.csproj", "{BC4DB46B-B299-4A29-AD20-13267D609A38}"
EndProject
Project("{FAE04EC0-301F-11D3-BF4B-00C04F79EFBC}") = "dotNet5781_01_7224_0847", "dotNet5781_01_7224_0847\dotNet5781_01_7224_0847\dotNet5781_01_7224_0847.csproj", "{6B526257-0565-47CF-8299-E20D8FB2C3E2}"
EndProject
Project("{FAE04EC0-301F-11D3-BF4B-00C04F79EFBC}") = "dotNet5781_02_7224_0847", "dotNet5781_02_7224_0847\dotNet5781_02_7224_0847.csproj", "{11EFD4B9-E904-4915-9A1F-9EAA03BA676A}"
EndProject
Global
	GlobalSection(SolutionConfigurationPlatforms) = preSolution
		Debug|Any CPU = Debug|Any CPU
		Release|Any CPU = Release|Any CPU
	EndGlobalSection
	GlobalSection(ProjectConfigurationPlatforms) = postSolution
		{BC4DB46B-B299-4A29-AD20-13267D609A38}.Debug|Any CPU.ActiveCfg = Debug|Any CPU
		{BC4DB46B-B299-4A29-AD20-13267D609A38}.Debug|Any CPU.Build.0 = Debug|Any CPU
		{BC4DB46B-B299-4A29-AD20-13267D609A38}.Release|Any CPU.ActiveCfg = Release|Any CPU
		{BC4DB46B-B299-4A29-AD20-13267D609A38}.Release|Any CPU.Build.0 = Release|Any CPU
		{6B526257-0565-47CF-8299-E20D8FB2C3E2}.Debug|Any CPU.ActiveCfg = Debug|Any CPU
		{6B526257-0565-47CF-8299-E20D8FB2C3E2}.Debug|Any CPU.Build.0 = Debug|Any CPU
		{6B526257-0565-47CF-8299-E20D8FB2C3E2}.Release|Any CPU.ActiveCfg = Release|Any CPU
		{6B526257-0565-47CF-8299-E20D8FB2C3E2}.Release|Any CPU.Build.0 = Release|Any CPU
		{11EFD4B9-E904-4915-9A1F-9EAA03BA676A}.Debug|Any CPU.ActiveCfg = Debug|Any CPU
		{11EFD4B9-E904-4915-9A1F-9EAA03BA676A}.Debug|Any CPU.Build.0 = Debug|Any CPU
		{11EFD4B9-E904-4915-9A1F-9EAA03BA676A}.Release|Any CPU.ActiveCfg = Release|Any CPU
		{11EFD4B9-E904-4915-9A1F-9EAA03BA676A}.Release|Any CPU.Build.0 = Release|Any CPU
	EndGlobalSection
	GlobalSection(SolutionProperties) = preSolution
		HideSolutionNode = FALSE
	EndGlobalSection
	GlobalSection(ExtensibilityGlobals) = postSolution
		SolutionGuid = {65942423-8C65-4D7E-8A9F-EC7D4C939444}
	EndGlobalSection
EndGlobal
