
Microsoft Visual Studio Solution File, Format Version 12.00
# Visual Studio 15
VisualStudioVersion = 15.0.27004.2002
MinimumVisualStudioVersion = 10.0.40219.1
Project("{FAE04EC0-301F-11D3-BF4B-00C04F79EFBC}") = "Ex1_Thread", "Ex1_Thread\Ex1_Thread.csproj", "{F209B7DB-1232-48F6-9DEC-2D0F1736AAFF}"
EndProject
Project("{FAE04EC0-301F-11D3-BF4B-00C04F79EFBC}") = "Ex2_Thread", "Ex2_Thread\Ex2_Thread.csproj", "{D592B989-09BB-45BE-B1A3-9B6AC401C62E}"
EndProject
Project("{FAE04EC0-301F-11D3-BF4B-00C04F79EFBC}") = "Ex3_ThreadAnonymous", "Ex3_ThreadAnonymous\Ex3_ThreadAnonymous.csproj", "{9C21118C-465E-46C3-88EB-222D88A8C67D}"
EndProject
Project("{FAE04EC0-301F-11D3-BF4B-00C04F79EFBC}") = "Ex4_Thread_TimerWindow", "TimerWindow\Ex4_Thread_TimerWindow.csproj", "{A607DE7F-F550-40EA-B67A-C119BBBA8632}"
EndProject
Project("{FAE04EC0-301F-11D3-BF4B-00C04F79EFBC}") = "Ex5_BW", "Ex5_BW\Ex5_BW.csproj", "{C3221DD2-5B10-41D7-923E-22247A70A39E}"
EndProject
Project("{FAE04EC0-301F-11D3-BF4B-00C04F79EFBC}") = "Ex6_BW_Timer", "Ex6_BW_Timer\Ex6_BW_Timer.csproj", "{C897DC4B-8FB3-4E54-BF98-76C90B95E79E}"
EndProject
Project("{FAE04EC0-301F-11D3-BF4B-00C04F79EFBC}") = "Ex4_ThreadJoin", "Ex4_ThreadJoin\Ex4_ThreadJoin.csproj", "{64331FC8-499C-4C6D-81E4-4125F83D9472}"
EndProject
Global
	GlobalSection(SolutionConfigurationPlatforms) = preSolution
		Debug|Any CPU = Debug|Any CPU
		Release|Any CPU = Release|Any CPU
	EndGlobalSection
	GlobalSection(ProjectConfigurationPlatforms) = postSolution
		{F209B7DB-1232-48F6-9DEC-2D0F1736AAFF}.Debug|Any CPU.ActiveCfg = Debug|Any CPU
		{F209B7DB-1232-48F6-9DEC-2D0F1736AAFF}.Debug|Any CPU.Build.0 = Debug|Any CPU
		{F209B7DB-1232-48F6-9DEC-2D0F1736AAFF}.Release|Any CPU.ActiveCfg = Release|Any CPU
		{F209B7DB-1232-48F6-9DEC-2D0F1736AAFF}.Release|Any CPU.Build.0 = Release|Any CPU
		{D592B989-09BB-45BE-B1A3-9B6AC401C62E}.Debug|Any CPU.ActiveCfg = Debug|Any CPU
		{D592B989-09BB-45BE-B1A3-9B6AC401C62E}.Debug|Any CPU.Build.0 = Debug|Any CPU
		{D592B989-09BB-45BE-B1A3-9B6AC401C62E}.Release|Any CPU.ActiveCfg = Release|Any CPU
		{D592B989-09BB-45BE-B1A3-9B6AC401C62E}.Release|Any CPU.Build.0 = Release|Any CPU
		{9C21118C-465E-46C3-88EB-222D88A8C67D}.Debug|Any CPU.ActiveCfg = Debug|Any CPU
		{9C21118C-465E-46C3-88EB-222D88A8C67D}.Debug|Any CPU.Build.0 = Debug|Any CPU
		{9C21118C-465E-46C3-88EB-222D88A8C67D}.Release|Any CPU.ActiveCfg = Release|Any CPU
		{9C21118C-465E-46C3-88EB-222D88A8C67D}.Release|Any CPU.Build.0 = Release|Any CPU
		{A607DE7F-F550-40EA-B67A-C119BBBA8632}.Debug|Any CPU.ActiveCfg = Debug|Any CPU
		{A607DE7F-F550-40EA-B67A-C119BBBA8632}.Debug|Any CPU.Build.0 = Debug|Any CPU
		{A607DE7F-F550-40EA-B67A-C119BBBA8632}.Release|Any CPU.ActiveCfg = Release|Any CPU
		{A607DE7F-F550-40EA-B67A-C119BBBA8632}.Release|Any CPU.Build.0 = Release|Any CPU
		{C3221DD2-5B10-41D7-923E-22247A70A39E}.Debug|Any CPU.ActiveCfg = Debug|Any CPU
		{C3221DD2-5B10-41D7-923E-22247A70A39E}.Debug|Any CPU.Build.0 = Debug|Any CPU
		{C3221DD2-5B10-41D7-923E-22247A70A39E}.Release|Any CPU.ActiveCfg = Release|Any CPU
		{C3221DD2-5B10-41D7-923E-22247A70A39E}.Release|Any CPU.Build.0 = Release|Any CPU
		{C897DC4B-8FB3-4E54-BF98-76C90B95E79E}.Debug|Any CPU.ActiveCfg = Debug|Any CPU
		{C897DC4B-8FB3-4E54-BF98-76C90B95E79E}.Debug|Any CPU.Build.0 = Debug|Any CPU
		{C897DC4B-8FB3-4E54-BF98-76C90B95E79E}.Release|Any CPU.ActiveCfg = Release|Any CPU
		{C897DC4B-8FB3-4E54-BF98-76C90B95E79E}.Release|Any CPU.Build.0 = Release|Any CPU
		{64331FC8-499C-4C6D-81E4-4125F83D9472}.Debug|Any CPU.ActiveCfg = Debug|Any CPU
		{64331FC8-499C-4C6D-81E4-4125F83D9472}.Debug|Any CPU.Build.0 = Debug|Any CPU
		{64331FC8-499C-4C6D-81E4-4125F83D9472}.Release|Any CPU.ActiveCfg = Release|Any CPU
		{64331FC8-499C-4C6D-81E4-4125F83D9472}.Release|Any CPU.Build.0 = Release|Any CPU
	EndGlobalSection
	GlobalSection(SolutionProperties) = preSolution
		HideSolutionNode = FALSE
	EndGlobalSection
	GlobalSection(ExtensibilityGlobals) = postSolution
		SolutionGuid = {911BA3B3-BE24-41D4-B301-5A9252C45B97}
	EndGlobalSection
EndGlobal
