
Microsoft Visual Studio Solution File, Format Version 12.00
# Visual Studio Version 16
VisualStudioVersion = 16.0.30621.155
MinimumVisualStudioVersion = 10.0.40219.1
Project("{FAE04EC0-301F-11D3-BF4B-00C04F79EFBC}") = "Person_ComboBoxAndListBox", "Person_ComboBoxAndListBox\Person_ComboBoxAndListBox.csproj", "{7010C893-A724-4B4D-B1AD-823D4C9445D5}"
EndProject
Project("{FAE04EC0-301F-11D3-BF4B-00C04F79EFBC}") = "Person_DataSource", "Person_DataSource\Person_DataSource.csproj", "{0D754215-5C5C-40AC-B8C5-2E05E9E44502}"
EndProject
Global
	GlobalSection(SolutionConfigurationPlatforms) = preSolution
		Debug|Any CPU = Debug|Any CPU
		Release|Any CPU = Release|Any CPU
	EndGlobalSection
	GlobalSection(ProjectConfigurationPlatforms) = postSolution
		{7010C893-A724-4B4D-B1AD-823D4C9445D5}.Debug|Any CPU.ActiveCfg = Debug|Any CPU
		{7010C893-A724-4B4D-B1AD-823D4C9445D5}.Debug|Any CPU.Build.0 = Debug|Any CPU
		{7010C893-A724-4B4D-B1AD-823D4C9445D5}.Release|Any CPU.ActiveCfg = Release|Any CPU
		{7010C893-A724-4B4D-B1AD-823D4C9445D5}.Release|Any CPU.Build.0 = Release|Any CPU
		{0D754215-5C5C-40AC-B8C5-2E05E9E44502}.Debug|Any CPU.ActiveCfg = Debug|Any CPU
		{0D754215-5C5C-40AC-B8C5-2E05E9E44502}.Debug|Any CPU.Build.0 = Debug|Any CPU
		{0D754215-5C5C-40AC-B8C5-2E05E9E44502}.Release|Any CPU.ActiveCfg = Release|Any CPU
		{0D754215-5C5C-40AC-B8C5-2E05E9E44502}.Release|Any CPU.Build.0 = Release|Any CPU
	EndGlobalSection
	GlobalSection(SolutionProperties) = preSolution
		HideSolutionNode = FALSE
	EndGlobalSection
	GlobalSection(ExtensibilityGlobals) = postSolution
		SolutionGuid = {28C01401-71D8-4E99-9DA2-1A500FA92440}
	EndGlobalSection
EndGlobal
